
Microsoft Visual Studio Solution File, Format Version 12.00
# Visual Studio Version 17
VisualStudioVersion = 17.9.34616.47
MinimumVisualStudioVersion = 10.0.40219.1
Project("{9A19103F-16F7-4668-BE54-9A1E7A4F7556}") = "Signall", "Signall\Signall.csproj", "{047F812D-6200-4D22-9192-C0BF285416C4}"
EndProject
Global
	GlobalSection(SolutionConfigurationPlatforms) = preSolution
		Debug|Any CPU = Debug|Any CPU
		Release|Any CPU = Release|Any CPU
	EndGlobalSection
	GlobalSection(ProjectConfigurationPlatforms) = postSolution
		{047F812D-6200-4D22-9192-C0BF285416C4}.Debug|Any CPU.ActiveCfg = Debug|Any CPU
		{047F812D-6200-4D22-9192-C0BF285416C4}.Debug|Any CPU.Build.0 = Debug|Any CPU
		{047F812D-6200-4D22-9192-C0BF285416C4}.Release|Any CPU.ActiveCfg = Release|Any CPU
		{047F812D-6200-4D22-9192-C0BF285416C4}.Release|Any CPU.Build.0 = Release|Any CPU
	EndGlobalSection
	GlobalSection(SolutionProperties) = preSolution
		HideSolutionNode = FALSE
	EndGlobalSection
	GlobalSection(ExtensibilityGlobals) = postSolution
		SolutionGuid = {89E76E03-EDF9-4821-8219-451A8C43F94C}
	EndGlobalSection
EndGlobal
